
Microsoft Visual Studio Solution File, Format Version 12.00
# Visual Studio Version 16
VisualStudioVersion = 16.0.29411.108
MinimumVisualStudioVersion = 15.0.26124.0
Project("{6EC3EE1D-3C4E-46DD-8F32-0CC8E7565705}") = "Feliz", "Feliz\Feliz.fsproj", "{BF85F330-8B68-46A9-BEED-87A4B41B53BE}"
EndProject
Project("{6EC3EE1D-3C4E-46DD-8F32-0CC8E7565705}") = "Feliz.Recharts", "Feliz.Recharts\Feliz.Recharts.fsproj", "{B503C7DF-43E3-4071-8A17-DA42DFB55996}"
EndProject
Project("{6EC3EE1D-3C4E-46DD-8F32-0CC8E7565705}") = "Feliz.PigeonMaps", "Feliz.PigeonMaps\Feliz.PigeonMaps.fsproj", "{17566A63-5872-4C63-A232-B4DA5E2E0523}"
EndProject
Project("{6EC3EE1D-3C4E-46DD-8F32-0CC8E7565705}") = "Feliz.Markdown", "Feliz.Markdown\Feliz.Markdown.fsproj", "{F86E4F2D-C69F-49CA-8183-5675DD2DC78F}"
EndProject
Project("{6EC3EE1D-3C4E-46DD-8F32-0CC8E7565705}") = "App", "docs\App.fsproj", "{05498782-D0F9-4C30-BF3B-C2662E4F9671}"
EndProject
Project("{6EC3EE1D-3C4E-46DD-8F32-0CC8E7565705}") = "Feliz.ElmishComponents", "Feliz.ElmishComponents\Feliz.ElmishComponents.fsproj", "{7BA19EB2-98DE-40A5-B19B-183DF9FD7013}"
EndProject
Project("{6EC3EE1D-3C4E-46DD-8F32-0CC8E7565705}") = "Feliz.Popover", "Feliz.Popover\Feliz.Popover.fsproj", "{888D728D-6DAC-44B4-88CA-620317E791FE}"
EndProject
Project("{6EC3EE1D-3C4E-46DD-8F32-0CC8E7565705}") = "Tests", "tests\Tests.fsproj", "{74AC6D90-9BF7-44B7-ACDD-6C7616CE07E7}"
EndProject
Project("{2150E333-8FDC-42A3-9474-1A3956D46DE8}") = "Solution Items", "Solution Items", "{2979FCC6-85A7-4C95-B05B-D9A5F48B3C6A}"
	ProjectSection(SolutionItems) = preProject
		.gitattributes = .gitattributes
		.gitignore = .gitignore
		.travis.yml = .travis.yml
		appveyor.yml = appveyor.yml
		build.cmd = build.cmd
		build.fsx = build.fsx
		build.sh = build.sh
		clean-cache.sh = clean-cache.sh
		LICENSE = LICENSE
		package-lock.json = package-lock.json
		package.json = package.json
		paket-install.sh = paket-install.sh
		paket.dependencies = paket.dependencies
		paket.lock = paket.lock
		publish.js = publish.js
		README.md = README.md
		webpack.config.js = webpack.config.js
		webpack.tests.js = webpack.tests.js
	EndProjectSection
EndProject
Project("{6EC3EE1D-3C4E-46DD-8F32-0CC8E7565705}") = "HeadlessTestsRunner", "HeadlessTestsRunner\HeadlessTestsRunner.fsproj", "{F6F051DB-258D-4DA6-994F-5C0C9AD81A7F}"
EndProject
Project("{6EC3EE1D-3C4E-46DD-8F32-0CC8E7565705}") = "Feliz.UseDeferred", "Feliz.UseDeferred\Feliz.UseDeferred.fsproj", "{47E6DD26-5932-43AE-A968-A8EF71444C97}"
EndProject
Project("{6EC3EE1D-3C4E-46DD-8F32-0CC8E7565705}") = "Feliz.UseElmish", "Feliz.UseElmish\Feliz.UseElmish.fsproj", "{18E5E8B0-6F1E-4F18-95CD-18D720E38072}"
EndProject
Project("{6EC3EE1D-3C4E-46DD-8F32-0CC8E7565705}") = "Fable.ReactTestingLibrary", "tests\Fable.ReactTestingLibrary\Fable.ReactTestingLibrary.fsproj", "{EF45767A-8145-414F-A5F4-37A1BE7E101C}"
EndProject
Project("{6EC3EE1D-3C4E-46DD-8F32-0CC8E7565705}") = "Feliz.RoughViz", "Feliz.RoughViz\Feliz.RoughViz.fsproj", "{63AC765A-8559-4715-AF14-ECD702C5C437}"
EndProject
Project("{F2A71F9B-5D33-465A-A702-920D77279786}") = "Feliz.UseMediaQuery", "Feliz.UseMediaQuery\Feliz.UseMediaQuery.fsproj", "{0E225B46-28B4-4ADF-8116-13A47207F7B4}"
EndProject
Global
	GlobalSection(SolutionConfigurationPlatforms) = preSolution
		Debug|Any CPU = Debug|Any CPU
		Debug|x64 = Debug|x64
		Debug|x86 = Debug|x86
		Release|Any CPU = Release|Any CPU
		Release|x64 = Release|x64
		Release|x86 = Release|x86
	EndGlobalSection
	GlobalSection(ProjectConfigurationPlatforms) = postSolution
		{BF85F330-8B68-46A9-BEED-87A4B41B53BE}.Debug|Any CPU.ActiveCfg = Debug|Any CPU
		{BF85F330-8B68-46A9-BEED-87A4B41B53BE}.Debug|Any CPU.Build.0 = Debug|Any CPU
		{BF85F330-8B68-46A9-BEED-87A4B41B53BE}.Debug|x64.ActiveCfg = Debug|Any CPU
		{BF85F330-8B68-46A9-BEED-87A4B41B53BE}.Debug|x64.Build.0 = Debug|Any CPU
		{BF85F330-8B68-46A9-BEED-87A4B41B53BE}.Debug|x86.ActiveCfg = Debug|Any CPU
		{BF85F330-8B68-46A9-BEED-87A4B41B53BE}.Debug|x86.Build.0 = Debug|Any CPU
		{BF85F330-8B68-46A9-BEED-87A4B41B53BE}.Release|Any CPU.ActiveCfg = Release|Any CPU
		{BF85F330-8B68-46A9-BEED-87A4B41B53BE}.Release|Any CPU.Build.0 = Release|Any CPU
		{BF85F330-8B68-46A9-BEED-87A4B41B53BE}.Release|x64.ActiveCfg = Release|Any CPU
		{BF85F330-8B68-46A9-BEED-87A4B41B53BE}.Release|x64.Build.0 = Release|Any CPU
		{BF85F330-8B68-46A9-BEED-87A4B41B53BE}.Release|x86.ActiveCfg = Release|Any CPU
		{BF85F330-8B68-46A9-BEED-87A4B41B53BE}.Release|x86.Build.0 = Release|Any CPU
		{B503C7DF-43E3-4071-8A17-DA42DFB55996}.Debug|Any CPU.ActiveCfg = Debug|Any CPU
		{B503C7DF-43E3-4071-8A17-DA42DFB55996}.Debug|Any CPU.Build.0 = Debug|Any CPU
		{B503C7DF-43E3-4071-8A17-DA42DFB55996}.Debug|x64.ActiveCfg = Debug|Any CPU
		{B503C7DF-43E3-4071-8A17-DA42DFB55996}.Debug|x64.Build.0 = Debug|Any CPU
		{B503C7DF-43E3-4071-8A17-DA42DFB55996}.Debug|x86.ActiveCfg = Debug|Any CPU
		{B503C7DF-43E3-4071-8A17-DA42DFB55996}.Debug|x86.Build.0 = Debug|Any CPU
		{B503C7DF-43E3-4071-8A17-DA42DFB55996}.Release|Any CPU.ActiveCfg = Release|Any CPU
		{B503C7DF-43E3-4071-8A17-DA42DFB55996}.Release|Any CPU.Build.0 = Release|Any CPU
		{B503C7DF-43E3-4071-8A17-DA42DFB55996}.Release|x64.ActiveCfg = Release|Any CPU
		{B503C7DF-43E3-4071-8A17-DA42DFB55996}.Release|x64.Build.0 = Release|Any CPU
		{B503C7DF-43E3-4071-8A17-DA42DFB55996}.Release|x86.ActiveCfg = Release|Any CPU
		{B503C7DF-43E3-4071-8A17-DA42DFB55996}.Release|x86.Build.0 = Release|Any CPU
		{17566A63-5872-4C63-A232-B4DA5E2E0523}.Debug|Any CPU.ActiveCfg = Debug|Any CPU
		{17566A63-5872-4C63-A232-B4DA5E2E0523}.Debug|Any CPU.Build.0 = Debug|Any CPU
		{17566A63-5872-4C63-A232-B4DA5E2E0523}.Debug|x64.ActiveCfg = Debug|Any CPU
		{17566A63-5872-4C63-A232-B4DA5E2E0523}.Debug|x64.Build.0 = Debug|Any CPU
		{17566A63-5872-4C63-A232-B4DA5E2E0523}.Debug|x86.ActiveCfg = Debug|Any CPU
		{17566A63-5872-4C63-A232-B4DA5E2E0523}.Debug|x86.Build.0 = Debug|Any CPU
		{17566A63-5872-4C63-A232-B4DA5E2E0523}.Release|Any CPU.ActiveCfg = Release|Any CPU
		{17566A63-5872-4C63-A232-B4DA5E2E0523}.Release|Any CPU.Build.0 = Release|Any CPU
		{17566A63-5872-4C63-A232-B4DA5E2E0523}.Release|x64.ActiveCfg = Release|Any CPU
		{17566A63-5872-4C63-A232-B4DA5E2E0523}.Release|x64.Build.0 = Release|Any CPU
		{17566A63-5872-4C63-A232-B4DA5E2E0523}.Release|x86.ActiveCfg = Release|Any CPU
		{17566A63-5872-4C63-A232-B4DA5E2E0523}.Release|x86.Build.0 = Release|Any CPU
		{F86E4F2D-C69F-49CA-8183-5675DD2DC78F}.Debug|Any CPU.ActiveCfg = Debug|Any CPU
		{F86E4F2D-C69F-49CA-8183-5675DD2DC78F}.Debug|Any CPU.Build.0 = Debug|Any CPU
		{F86E4F2D-C69F-49CA-8183-5675DD2DC78F}.Debug|x64.ActiveCfg = Debug|Any CPU
		{F86E4F2D-C69F-49CA-8183-5675DD2DC78F}.Debug|x64.Build.0 = Debug|Any CPU
		{F86E4F2D-C69F-49CA-8183-5675DD2DC78F}.Debug|x86.ActiveCfg = Debug|Any CPU
		{F86E4F2D-C69F-49CA-8183-5675DD2DC78F}.Debug|x86.Build.0 = Debug|Any CPU
		{F86E4F2D-C69F-49CA-8183-5675DD2DC78F}.Release|Any CPU.ActiveCfg = Release|Any CPU
		{F86E4F2D-C69F-49CA-8183-5675DD2DC78F}.Release|Any CPU.Build.0 = Release|Any CPU
		{F86E4F2D-C69F-49CA-8183-5675DD2DC78F}.Release|x64.ActiveCfg = Release|Any CPU
		{F86E4F2D-C69F-49CA-8183-5675DD2DC78F}.Release|x64.Build.0 = Release|Any CPU
		{F86E4F2D-C69F-49CA-8183-5675DD2DC78F}.Release|x86.ActiveCfg = Release|Any CPU
		{F86E4F2D-C69F-49CA-8183-5675DD2DC78F}.Release|x86.Build.0 = Release|Any CPU
		{05498782-D0F9-4C30-BF3B-C2662E4F9671}.Debug|Any CPU.ActiveCfg = Debug|Any CPU
		{05498782-D0F9-4C30-BF3B-C2662E4F9671}.Debug|Any CPU.Build.0 = Debug|Any CPU
		{05498782-D0F9-4C30-BF3B-C2662E4F9671}.Debug|x64.ActiveCfg = Debug|Any CPU
		{05498782-D0F9-4C30-BF3B-C2662E4F9671}.Debug|x64.Build.0 = Debug|Any CPU
		{05498782-D0F9-4C30-BF3B-C2662E4F9671}.Debug|x86.ActiveCfg = Debug|Any CPU
		{05498782-D0F9-4C30-BF3B-C2662E4F9671}.Debug|x86.Build.0 = Debug|Any CPU
		{05498782-D0F9-4C30-BF3B-C2662E4F9671}.Release|Any CPU.ActiveCfg = Release|Any CPU
		{05498782-D0F9-4C30-BF3B-C2662E4F9671}.Release|Any CPU.Build.0 = Release|Any CPU
		{05498782-D0F9-4C30-BF3B-C2662E4F9671}.Release|x64.ActiveCfg = Release|Any CPU
		{05498782-D0F9-4C30-BF3B-C2662E4F9671}.Release|x64.Build.0 = Release|Any CPU
		{05498782-D0F9-4C30-BF3B-C2662E4F9671}.Release|x86.ActiveCfg = Release|Any CPU
		{05498782-D0F9-4C30-BF3B-C2662E4F9671}.Release|x86.Build.0 = Release|Any CPU
		{7BA19EB2-98DE-40A5-B19B-183DF9FD7013}.Debug|Any CPU.ActiveCfg = Debug|Any CPU
		{7BA19EB2-98DE-40A5-B19B-183DF9FD7013}.Debug|Any CPU.Build.0 = Debug|Any CPU
		{7BA19EB2-98DE-40A5-B19B-183DF9FD7013}.Debug|x64.ActiveCfg = Debug|Any CPU
		{7BA19EB2-98DE-40A5-B19B-183DF9FD7013}.Debug|x64.Build.0 = Debug|Any CPU
		{7BA19EB2-98DE-40A5-B19B-183DF9FD7013}.Debug|x86.ActiveCfg = Debug|Any CPU
		{7BA19EB2-98DE-40A5-B19B-183DF9FD7013}.Debug|x86.Build.0 = Debug|Any CPU
		{7BA19EB2-98DE-40A5-B19B-183DF9FD7013}.Release|Any CPU.ActiveCfg = Release|Any CPU
		{7BA19EB2-98DE-40A5-B19B-183DF9FD7013}.Release|Any CPU.Build.0 = Release|Any CPU
		{7BA19EB2-98DE-40A5-B19B-183DF9FD7013}.Release|x64.ActiveCfg = Release|Any CPU
		{7BA19EB2-98DE-40A5-B19B-183DF9FD7013}.Release|x64.Build.0 = Release|Any CPU
		{7BA19EB2-98DE-40A5-B19B-183DF9FD7013}.Release|x86.ActiveCfg = Release|Any CPU
		{7BA19EB2-98DE-40A5-B19B-183DF9FD7013}.Release|x86.Build.0 = Release|Any CPU
		{888D728D-6DAC-44B4-88CA-620317E791FE}.Debug|Any CPU.ActiveCfg = Debug|Any CPU
		{888D728D-6DAC-44B4-88CA-620317E791FE}.Debug|Any CPU.Build.0 = Debug|Any CPU
		{888D728D-6DAC-44B4-88CA-620317E791FE}.Debug|x64.ActiveCfg = Debug|Any CPU
		{888D728D-6DAC-44B4-88CA-620317E791FE}.Debug|x64.Build.0 = Debug|Any CPU
		{888D728D-6DAC-44B4-88CA-620317E791FE}.Debug|x86.ActiveCfg = Debug|Any CPU
		{888D728D-6DAC-44B4-88CA-620317E791FE}.Debug|x86.Build.0 = Debug|Any CPU
		{888D728D-6DAC-44B4-88CA-620317E791FE}.Release|Any CPU.ActiveCfg = Release|Any CPU
		{888D728D-6DAC-44B4-88CA-620317E791FE}.Release|Any CPU.Build.0 = Release|Any CPU
		{888D728D-6DAC-44B4-88CA-620317E791FE}.Release|x64.ActiveCfg = Release|Any CPU
		{888D728D-6DAC-44B4-88CA-620317E791FE}.Release|x64.Build.0 = Release|Any CPU
		{888D728D-6DAC-44B4-88CA-620317E791FE}.Release|x86.ActiveCfg = Release|Any CPU
		{888D728D-6DAC-44B4-88CA-620317E791FE}.Release|x86.Build.0 = Release|Any CPU
		{74AC6D90-9BF7-44B7-ACDD-6C7616CE07E7}.Debug|Any CPU.ActiveCfg = Debug|Any CPU
		{74AC6D90-9BF7-44B7-ACDD-6C7616CE07E7}.Debug|Any CPU.Build.0 = Debug|Any CPU
		{74AC6D90-9BF7-44B7-ACDD-6C7616CE07E7}.Debug|x64.ActiveCfg = Debug|Any CPU
		{74AC6D90-9BF7-44B7-ACDD-6C7616CE07E7}.Debug|x64.Build.0 = Debug|Any CPU
		{74AC6D90-9BF7-44B7-ACDD-6C7616CE07E7}.Debug|x86.ActiveCfg = Debug|Any CPU
		{74AC6D90-9BF7-44B7-ACDD-6C7616CE07E7}.Debug|x86.Build.0 = Debug|Any CPU
		{74AC6D90-9BF7-44B7-ACDD-6C7616CE07E7}.Release|Any CPU.ActiveCfg = Release|Any CPU
		{74AC6D90-9BF7-44B7-ACDD-6C7616CE07E7}.Release|Any CPU.Build.0 = Release|Any CPU
		{74AC6D90-9BF7-44B7-ACDD-6C7616CE07E7}.Release|x64.ActiveCfg = Release|Any CPU
		{74AC6D90-9BF7-44B7-ACDD-6C7616CE07E7}.Release|x64.Build.0 = Release|Any CPU
		{74AC6D90-9BF7-44B7-ACDD-6C7616CE07E7}.Release|x86.ActiveCfg = Release|Any CPU
		{74AC6D90-9BF7-44B7-ACDD-6C7616CE07E7}.Release|x86.Build.0 = Release|Any CPU
		{F6F051DB-258D-4DA6-994F-5C0C9AD81A7F}.Debug|Any CPU.ActiveCfg = Debug|Any CPU
		{F6F051DB-258D-4DA6-994F-5C0C9AD81A7F}.Debug|Any CPU.Build.0 = Debug|Any CPU
		{F6F051DB-258D-4DA6-994F-5C0C9AD81A7F}.Debug|x64.ActiveCfg = Debug|Any CPU
		{F6F051DB-258D-4DA6-994F-5C0C9AD81A7F}.Debug|x64.Build.0 = Debug|Any CPU
		{F6F051DB-258D-4DA6-994F-5C0C9AD81A7F}.Debug|x86.ActiveCfg = Debug|Any CPU
		{F6F051DB-258D-4DA6-994F-5C0C9AD81A7F}.Debug|x86.Build.0 = Debug|Any CPU
		{F6F051DB-258D-4DA6-994F-5C0C9AD81A7F}.Release|Any CPU.ActiveCfg = Release|Any CPU
		{F6F051DB-258D-4DA6-994F-5C0C9AD81A7F}.Release|Any CPU.Build.0 = Release|Any CPU
		{F6F051DB-258D-4DA6-994F-5C0C9AD81A7F}.Release|x64.ActiveCfg = Release|Any CPU
		{F6F051DB-258D-4DA6-994F-5C0C9AD81A7F}.Release|x64.Build.0 = Release|Any CPU
		{F6F051DB-258D-4DA6-994F-5C0C9AD81A7F}.Release|x86.ActiveCfg = Release|Any CPU
		{F6F051DB-258D-4DA6-994F-5C0C9AD81A7F}.Release|x86.Build.0 = Release|Any CPU
		{47E6DD26-5932-43AE-A968-A8EF71444C97}.Debug|Any CPU.ActiveCfg = Debug|Any CPU
		{47E6DD26-5932-43AE-A968-A8EF71444C97}.Debug|Any CPU.Build.0 = Debug|Any CPU
		{47E6DD26-5932-43AE-A968-A8EF71444C97}.Debug|x64.ActiveCfg = Debug|Any CPU
		{47E6DD26-5932-43AE-A968-A8EF71444C97}.Debug|x64.Build.0 = Debug|Any CPU
		{47E6DD26-5932-43AE-A968-A8EF71444C97}.Debug|x86.ActiveCfg = Debug|Any CPU
		{47E6DD26-5932-43AE-A968-A8EF71444C97}.Debug|x86.Build.0 = Debug|Any CPU
		{47E6DD26-5932-43AE-A968-A8EF71444C97}.Release|Any CPU.ActiveCfg = Release|Any CPU
		{47E6DD26-5932-43AE-A968-A8EF71444C97}.Release|Any CPU.Build.0 = Release|Any CPU
		{47E6DD26-5932-43AE-A968-A8EF71444C97}.Release|x64.ActiveCfg = Release|Any CPU
		{47E6DD26-5932-43AE-A968-A8EF71444C97}.Release|x64.Build.0 = Release|Any CPU
		{47E6DD26-5932-43AE-A968-A8EF71444C97}.Release|x86.ActiveCfg = Release|Any CPU
		{47E6DD26-5932-43AE-A968-A8EF71444C97}.Release|x86.Build.0 = Release|Any CPU
		{18E5E8B0-6F1E-4F18-95CD-18D720E38072}.Debug|Any CPU.ActiveCfg = Debug|Any CPU
		{18E5E8B0-6F1E-4F18-95CD-18D720E38072}.Debug|Any CPU.Build.0 = Debug|Any CPU
		{18E5E8B0-6F1E-4F18-95CD-18D720E38072}.Debug|x64.ActiveCfg = Debug|Any CPU
		{18E5E8B0-6F1E-4F18-95CD-18D720E38072}.Debug|x64.Build.0 = Debug|Any CPU
		{18E5E8B0-6F1E-4F18-95CD-18D720E38072}.Debug|x86.ActiveCfg = Debug|Any CPU
		{18E5E8B0-6F1E-4F18-95CD-18D720E38072}.Debug|x86.Build.0 = Debug|Any CPU
		{18E5E8B0-6F1E-4F18-95CD-18D720E38072}.Release|Any CPU.ActiveCfg = Release|Any CPU
		{18E5E8B0-6F1E-4F18-95CD-18D720E38072}.Release|Any CPU.Build.0 = Release|Any CPU
		{18E5E8B0-6F1E-4F18-95CD-18D720E38072}.Release|x64.ActiveCfg = Release|Any CPU
		{18E5E8B0-6F1E-4F18-95CD-18D720E38072}.Release|x64.Build.0 = Release|Any CPU
		{18E5E8B0-6F1E-4F18-95CD-18D720E38072}.Release|x86.ActiveCfg = Release|Any CPU
		{18E5E8B0-6F1E-4F18-95CD-18D720E38072}.Release|x86.Build.0 = Release|Any CPU
		{EF45767A-8145-414F-A5F4-37A1BE7E101C}.Debug|Any CPU.ActiveCfg = Debug|Any CPU
		{EF45767A-8145-414F-A5F4-37A1BE7E101C}.Debug|Any CPU.Build.0 = Debug|Any CPU
		{EF45767A-8145-414F-A5F4-37A1BE7E101C}.Debug|x64.ActiveCfg = Debug|Any CPU
		{EF45767A-8145-414F-A5F4-37A1BE7E101C}.Debug|x64.Build.0 = Debug|Any CPU
		{EF45767A-8145-414F-A5F4-37A1BE7E101C}.Debug|x86.ActiveCfg = Debug|Any CPU
		{EF45767A-8145-414F-A5F4-37A1BE7E101C}.Debug|x86.Build.0 = Debug|Any CPU
		{EF45767A-8145-414F-A5F4-37A1BE7E101C}.Release|Any CPU.ActiveCfg = Release|Any CPU
		{EF45767A-8145-414F-A5F4-37A1BE7E101C}.Release|Any CPU.Build.0 = Release|Any CPU
		{EF45767A-8145-414F-A5F4-37A1BE7E101C}.Release|x64.ActiveCfg = Release|Any CPU
		{EF45767A-8145-414F-A5F4-37A1BE7E101C}.Release|x64.Build.0 = Release|Any CPU
		{EF45767A-8145-414F-A5F4-37A1BE7E101C}.Release|x86.ActiveCfg = Release|Any CPU
		{EF45767A-8145-414F-A5F4-37A1BE7E101C}.Release|x86.Build.0 = Release|Any CPU
		{63AC765A-8559-4715-AF14-ECD702C5C437}.Debug|Any CPU.ActiveCfg = Debug|Any CPU
		{63AC765A-8559-4715-AF14-ECD702C5C437}.Debug|Any CPU.Build.0 = Debug|Any CPU
		{63AC765A-8559-4715-AF14-ECD702C5C437}.Debug|x64.ActiveCfg = Debug|Any CPU
		{63AC765A-8559-4715-AF14-ECD702C5C437}.Debug|x64.Build.0 = Debug|Any CPU
		{63AC765A-8559-4715-AF14-ECD702C5C437}.Debug|x86.ActiveCfg = Debug|Any CPU
		{63AC765A-8559-4715-AF14-ECD702C5C437}.Debug|x86.Build.0 = Debug|Any CPU
		{63AC765A-8559-4715-AF14-ECD702C5C437}.Release|Any CPU.ActiveCfg = Release|Any CPU
		{63AC765A-8559-4715-AF14-ECD702C5C437}.Release|Any CPU.Build.0 = Release|Any CPU
		{63AC765A-8559-4715-AF14-ECD702C5C437}.Release|x64.ActiveCfg = Release|Any CPU
		{63AC765A-8559-4715-AF14-ECD702C5C437}.Release|x64.Build.0 = Release|Any CPU
		{63AC765A-8559-4715-AF14-ECD702C5C437}.Release|x86.ActiveCfg = Release|Any CPU
		{63AC765A-8559-4715-AF14-ECD702C5C437}.Release|x86.Build.0 = Release|Any CPU
		{0E225B46-28B4-4ADF-8116-13A47207F7B4}.Debug|Any CPU.ActiveCfg = Debug|Any CPU
		{0E225B46-28B4-4ADF-8116-13A47207F7B4}.Debug|Any CPU.Build.0 = Debug|Any CPU
		{0E225B46-28B4-4ADF-8116-13A47207F7B4}.Debug|x64.ActiveCfg = Debug|Any CPU
		{0E225B46-28B4-4ADF-8116-13A47207F7B4}.Debug|x64.Build.0 = Debug|Any CPU
		{0E225B46-28B4-4ADF-8116-13A47207F7B4}.Debug|x86.ActiveCfg = Debug|Any CPU
		{0E225B46-28B4-4ADF-8116-13A47207F7B4}.Debug|x86.Build.0 = Debug|Any CPU
		{0E225B46-28B4-4ADF-8116-13A47207F7B4}.Release|Any CPU.ActiveCfg = Release|Any CPU
		{0E225B46-28B4-4ADF-8116-13A47207F7B4}.Release|Any CPU.Build.0 = Release|Any CPU
		{0E225B46-28B4-4ADF-8116-13A47207F7B4}.Release|x64.ActiveCfg = Release|Any CPU
		{0E225B46-28B4-4ADF-8116-13A47207F7B4}.Release|x64.Build.0 = Release|Any CPU
		{0E225B46-28B4-4ADF-8116-13A47207F7B4}.Release|x86.ActiveCfg = Release|Any CPU
		{0E225B46-28B4-4ADF-8116-13A47207F7B4}.Release|x86.Build.0 = Release|Any CPU
	EndGlobalSection
	GlobalSection(SolutionProperties) = preSolution
		HideSolutionNode = FALSE
	EndGlobalSection
	GlobalSection(ExtensibilityGlobals) = postSolution
		SolutionGuid = {DC57B3AA-B014-44DE-A30A-F5DEF79F13CF}
	EndGlobalSection
EndGlobal
