Microsoft Visual Studio Solution File, Format Version 12.00
# Visual Studio Version 16
VisualStudioVersion = 16.0.29418.71
MinimumVisualStudioVersion = 10.0.40219.1
Project("{6EC3EE1D-3C4E-46DD-8F32-0CC8E7565705}") = "App", "src\App.fsproj", "{E5DEFC96-37CF-4844-9C9E-CFA0A9A8AED3}"
EndProject
Project("{6EC3EE1D-3C4E-46DD-8F32-0CC8E7565705}") = "Tests", "tests\Tests.fsproj", "{7821B727-268F-44AD-8136-B300B323F578}"
EndProject
Project("{2150E333-8FDC-42A3-9474-1A3956D46DE8}") = "Solution Items", "Solution Items", "{BACD6DDA-A974-47EC-813A-4C76682A4536}"
ProjectSection(SolutionItems) = preProject
	.gitattributes = .gitattributes
	.gitignore = .gitignore
	NuGet.Config = NuGet.Config
	package.json = package.json
	README.md = README.md
	splitter.tests.js = splitter.tests.js
	webpack.config.js = webpack.config.js
	webpack.tests.js = webpack.tests.js
EndProjectSection
EndProject
Global
	GlobalSection(SolutionConfigurationPlatforms) = preSolution
		Debug|Any CPU = Debug|Any CPU
		Release|Any CPU = Release|Any CPU
	EndGlobalSection
	GlobalSection(ProjectConfigurationPlatforms) = postSolution
		{E5DEFC96-37CF-4844-9C9E-CFA0A9A8AED3}.Debug|Any CPU.ActiveCfg = Debug|Any CPU
		{E5DEFC96-37CF-4844-9C9E-CFA0A9A8AED3}.Debug|Any CPU.Build.0 = Debug|Any CPU
		{E5DEFC96-37CF-4844-9C9E-CFA0A9A8AED3}.Release|Any CPU.ActiveCfg = Release|Any CPU
		{E5DEFC96-37CF-4844-9C9E-CFA0A9A8AED3}.Release|Any CPU.Build.0 = Release|Any CPU
		{7821B727-268F-44AD-8136-B300B323F578}.Debug|Any CPU.ActiveCfg = Debug|Any CPU
		{7821B727-268F-44AD-8136-B300B323F578}.Debug|Any CPU.Build.0 = Debug|Any CPU
		{7821B727-268F-44AD-8136-B300B323F578}.Release|Any CPU.ActiveCfg = Release|Any CPU
		{7821B727-268F-44AD-8136-B300B323F578}.Release|Any CPU.Build.0 = Release|Any CPU
	EndGlobalSection
	GlobalSection(SolutionProperties) = preSolution
		HideSolutionNode = FALSE
	EndGlobalSection
	GlobalSection(ExtensibilityGlobals) = postSolution
		SolutionGuid = {10E8CD24-3EC2-4B88-AF25-F5807B4B92B9}
	EndGlobalSection
EndGlobal
